
Microsoft Visual Studio Solution File, Format Version 12.00
# Visual Studio Version 16
VisualStudioVersion = 16.0.31105.61
MinimumVisualStudioVersion = 10.0.40219.1
Project("{FAE04EC0-301F-11D3-BF4B-00C04F79EFBC}") = "MemoryDbLibrary", "MemoryDbLibrary\MemoryDbLibrary.csproj", "{197529A2-3DDC-4DCD-B3C3-7353C1DBF6EF}"
EndProject
Project("{FAE04EC0-301F-11D3-BF4B-00C04F79EFBC}") = "UnitTest", "UnitTest\UnitTest.csproj", "{81249122-B6A6-43AA-A404-2ABA356F9B6E}"
EndProject
Global
	GlobalSection(SolutionConfigurationPlatforms) = preSolution
		Debug|Any CPU = Debug|Any CPU
		Release|Any CPU = Release|Any CPU
	EndGlobalSection
	GlobalSection(ProjectConfigurationPlatforms) = postSolution
		{197529A2-3DDC-4DCD-B3C3-7353C1DBF6EF}.Debug|Any CPU.ActiveCfg = Debug|Any CPU
		{197529A2-3DDC-4DCD-B3C3-7353C1DBF6EF}.Debug|Any CPU.Build.0 = Debug|Any CPU
		{197529A2-3DDC-4DCD-B3C3-7353C1DBF6EF}.Release|Any CPU.ActiveCfg = Release|Any CPU
		{197529A2-3DDC-4DCD-B3C3-7353C1DBF6EF}.Release|Any CPU.Build.0 = Release|Any CPU
		{81249122-B6A6-43AA-A404-2ABA356F9B6E}.Debug|Any CPU.ActiveCfg = Debug|Any CPU
		{81249122-B6A6-43AA-A404-2ABA356F9B6E}.Debug|Any CPU.Build.0 = Debug|Any CPU
		{81249122-B6A6-43AA-A404-2ABA356F9B6E}.Release|Any CPU.ActiveCfg = Release|Any CPU
		{81249122-B6A6-43AA-A404-2ABA356F9B6E}.Release|Any CPU.Build.0 = Release|Any CPU
	EndGlobalSection
	GlobalSection(SolutionProperties) = preSolution
		HideSolutionNode = FALSE
	EndGlobalSection
	GlobalSection(ExtensibilityGlobals) = postSolution
		SolutionGuid = {8EEE3B9F-5154-4F79-97FF-7C78B4B8F2E1}
	EndGlobalSection
EndGlobal
